
Microsoft Visual Studio Solution File, Format Version 12.00
# Visual Studio Version 17
VisualStudioVersion = 17.4.33403.182
MinimumVisualStudioVersion = 10.0.40219.1
Project("{9A19103F-16F7-4668-BE54-9A1E7A4F7556}") = "MeshVolume", "MeshVolume\MeshVolume.csproj", "{9FF75226-9105-4704-87C0-B485BC872561}"
EndProject
Project("{FAE04EC0-301F-11D3-BF4B-00C04F79EFBC}") = "g3MeshConvert", "geometry3SharpDemos\g3MeshConvert\g3MeshConvert.csproj", "{03D79D36-67E3-4A32-AB99-55AB789F8255}"
EndProject
Project("{9A19103F-16F7-4668-BE54-9A1E7A4F7556}") = "geometry4Sharp_netstandard", "geometry4Sharp\geometry4Sharp_netstandard.csproj", "{91C9087A-DBDC-43EB-900E-4AA86418AF12}"
EndProject
Project("{FAE04EC0-301F-11D3-BF4B-00C04F79EFBC}") = "geometry3Test", "geometry3SharpDemos\geometry3Test\geometry3Test.csproj", "{19B31E73-1328-4A5D-9922-32DFACCB84CD}"
EndProject
Global
	GlobalSection(SolutionConfigurationPlatforms) = preSolution
		Debug|Any CPU = Debug|Any CPU
		Release|Any CPU = Release|Any CPU
	EndGlobalSection
	GlobalSection(ProjectConfigurationPlatforms) = postSolution
		{9FF75226-9105-4704-87C0-B485BC872561}.Debug|Any CPU.ActiveCfg = Debug|Any CPU
		{9FF75226-9105-4704-87C0-B485BC872561}.Debug|Any CPU.Build.0 = Debug|Any CPU
		{9FF75226-9105-4704-87C0-B485BC872561}.Release|Any CPU.ActiveCfg = Release|Any CPU
		{9FF75226-9105-4704-87C0-B485BC872561}.Release|Any CPU.Build.0 = Release|Any CPU
		{03D79D36-67E3-4A32-AB99-55AB789F8255}.Debug|Any CPU.ActiveCfg = Debug|Any CPU
		{03D79D36-67E3-4A32-AB99-55AB789F8255}.Debug|Any CPU.Build.0 = Debug|Any CPU
		{03D79D36-67E3-4A32-AB99-55AB789F8255}.Release|Any CPU.ActiveCfg = Release|Any CPU
		{03D79D36-67E3-4A32-AB99-55AB789F8255}.Release|Any CPU.Build.0 = Release|Any CPU
		{91C9087A-DBDC-43EB-900E-4AA86418AF12}.Debug|Any CPU.ActiveCfg = Debug|Any CPU
		{91C9087A-DBDC-43EB-900E-4AA86418AF12}.Debug|Any CPU.Build.0 = Debug|Any CPU
		{91C9087A-DBDC-43EB-900E-4AA86418AF12}.Release|Any CPU.ActiveCfg = Release|Any CPU
		{91C9087A-DBDC-43EB-900E-4AA86418AF12}.Release|Any CPU.Build.0 = Release|Any CPU
		{19B31E73-1328-4A5D-9922-32DFACCB84CD}.Debug|Any CPU.ActiveCfg = Debug|Any CPU
		{19B31E73-1328-4A5D-9922-32DFACCB84CD}.Debug|Any CPU.Build.0 = Debug|Any CPU
		{19B31E73-1328-4A5D-9922-32DFACCB84CD}.Release|Any CPU.ActiveCfg = Release|Any CPU
		{19B31E73-1328-4A5D-9922-32DFACCB84CD}.Release|Any CPU.Build.0 = Release|Any CPU
	EndGlobalSection
	GlobalSection(SolutionProperties) = preSolution
		HideSolutionNode = FALSE
	EndGlobalSection
	GlobalSection(ExtensibilityGlobals) = postSolution
		SolutionGuid = {4C821D20-531E-493F-8762-23DA30A83230}
	EndGlobalSection
EndGlobal
